
Microsoft Visual Studio Solution File, Format Version 12.00
# Visual Studio Version 17
VisualStudioVersion = 17.14.36121.58 d17.14
MinimumVisualStudioVersion = 10.0.40219.1
Project("{FAE04EC0-301F-11D3-BF4B-00C04F79EFBC}") = "UFAR.CoursePlan.API", "UFAR.CoursePlan.API\UFAR.CoursePlan.API.csproj", "{C07A1915-51EF-4808-A8C5-726CC315EC4F}"
EndProject
Project("{FAE04EC0-301F-11D3-BF4B-00C04F79EFBC}") = "UFAR.CoursePlan.API․Core", "UFAR.CoursePlan.API․Core\UFAR.CoursePlan.API․Core.csproj", "{14C31CE0-D94D-4DC0-9BC5-07149A75BCF6}"
EndProject
Project("{FAE04EC0-301F-11D3-BF4B-00C04F79EFBC}") = "UFAR.CoursePlan.API.Data", "UFAR.CoursePlan.API.Data\UFAR.CoursePlan.API.Data.csproj", "{A6B6503B-AE01-4D0E-91E7-8C0C6420F5A2}"
EndProject
Global
	GlobalSection(SolutionConfigurationPlatforms) = preSolution
		Debug|Any CPU = Debug|Any CPU
		Release|Any CPU = Release|Any CPU
	EndGlobalSection
	GlobalSection(ProjectConfigurationPlatforms) = postSolution
		{C07A1915-51EF-4808-A8C5-726CC315EC4F}.Debug|Any CPU.ActiveCfg = Debug|Any CPU
		{C07A1915-51EF-4808-A8C5-726CC315EC4F}.Debug|Any CPU.Build.0 = Debug|Any CPU
		{C07A1915-51EF-4808-A8C5-726CC315EC4F}.Release|Any CPU.ActiveCfg = Release|Any CPU
		{C07A1915-51EF-4808-A8C5-726CC315EC4F}.Release|Any CPU.Build.0 = Release|Any CPU
		{14C31CE0-D94D-4DC0-9BC5-07149A75BCF6}.Debug|Any CPU.ActiveCfg = Debug|Any CPU
		{14C31CE0-D94D-4DC0-9BC5-07149A75BCF6}.Debug|Any CPU.Build.0 = Debug|Any CPU
		{14C31CE0-D94D-4DC0-9BC5-07149A75BCF6}.Release|Any CPU.ActiveCfg = Release|Any CPU
		{14C31CE0-D94D-4DC0-9BC5-07149A75BCF6}.Release|Any CPU.Build.0 = Release|Any CPU
		{A6B6503B-AE01-4D0E-91E7-8C0C6420F5A2}.Debug|Any CPU.ActiveCfg = Debug|Any CPU
		{A6B6503B-AE01-4D0E-91E7-8C0C6420F5A2}.Debug|Any CPU.Build.0 = Debug|Any CPU
		{A6B6503B-AE01-4D0E-91E7-8C0C6420F5A2}.Release|Any CPU.ActiveCfg = Release|Any CPU
		{A6B6503B-AE01-4D0E-91E7-8C0C6420F5A2}.Release|Any CPU.Build.0 = Release|Any CPU
	EndGlobalSection
	GlobalSection(SolutionProperties) = preSolution
		HideSolutionNode = FALSE
	EndGlobalSection
	GlobalSection(ExtensibilityGlobals) = postSolution
		SolutionGuid = {0A138666-6BFC-4623-9DE3-10E56827D7B1}
	EndGlobalSection
EndGlobal
